
Microsoft Visual Studio Solution File, Format Version 12.00
# Visual Studio Version 17
VisualStudioVersion = 17.2.32630.192
MinimumVisualStudioVersion = 10.0.40219.1
Project("{FAE04EC0-301F-11D3-BF4B-00C04F79EFBC}") = "MaintenanceScheduler_v2.Android", "MaintenanceScheduler_v2\MaintenanceScheduler_v2.Android\MaintenanceScheduler_v2.Android.csproj", "{FAC50443-DE50-4C3F-B79E-04C6D64DC89F}"
EndProject
Project("{FAE04EC0-301F-11D3-BF4B-00C04F79EFBC}") = "MaintenanceScheduler_v2.iOS", "MaintenanceScheduler_v2\MaintenanceScheduler_v2.iOS\MaintenanceScheduler_v2.iOS.csproj", "{0EB26C88-F1B3-4F07-B0BE-682420445D42}"
EndProject
Project("{FAE04EC0-301F-11D3-BF4B-00C04F79EFBC}") = "MaintenanceScheduler_v2", "MaintenanceScheduler_v2\MaintenanceScheduler_v2\MaintenanceScheduler_v2.csproj", "{BAAA4F45-668A-47E8-8734-2DF86FAC9CE7}"
EndProject
Global
	GlobalSection(SolutionConfigurationPlatforms) = preSolution
		Debug|Any CPU = Debug|Any CPU
		Debug|iPhone = Debug|iPhone
		Debug|iPhoneSimulator = Debug|iPhoneSimulator
		Release|Any CPU = Release|Any CPU
		Release|iPhone = Release|iPhone
		Release|iPhoneSimulator = Release|iPhoneSimulator
	EndGlobalSection
	GlobalSection(ProjectConfigurationPlatforms) = postSolution
		{FAC50443-DE50-4C3F-B79E-04C6D64DC89F}.Debug|Any CPU.ActiveCfg = Debug|Any CPU
		{FAC50443-DE50-4C3F-B79E-04C6D64DC89F}.Debug|Any CPU.Build.0 = Debug|Any CPU
		{FAC50443-DE50-4C3F-B79E-04C6D64DC89F}.Debug|Any CPU.Deploy.0 = Debug|Any CPU
		{FAC50443-DE50-4C3F-B79E-04C6D64DC89F}.Debug|iPhone.ActiveCfg = Debug|Any CPU
		{FAC50443-DE50-4C3F-B79E-04C6D64DC89F}.Debug|iPhone.Build.0 = Debug|Any CPU
		{FAC50443-DE50-4C3F-B79E-04C6D64DC89F}.Debug|iPhone.Deploy.0 = Debug|Any CPU
		{FAC50443-DE50-4C3F-B79E-04C6D64DC89F}.Debug|iPhoneSimulator.ActiveCfg = Debug|Any CPU
		{FAC50443-DE50-4C3F-B79E-04C6D64DC89F}.Debug|iPhoneSimulator.Build.0 = Debug|Any CPU
		{FAC50443-DE50-4C3F-B79E-04C6D64DC89F}.Debug|iPhoneSimulator.Deploy.0 = Debug|Any CPU
		{FAC50443-DE50-4C3F-B79E-04C6D64DC89F}.Release|Any CPU.ActiveCfg = Release|Any CPU
		{FAC50443-DE50-4C3F-B79E-04C6D64DC89F}.Release|Any CPU.Build.0 = Release|Any CPU
		{FAC50443-DE50-4C3F-B79E-04C6D64DC89F}.Release|Any CPU.Deploy.0 = Release|Any CPU
		{FAC50443-DE50-4C3F-B79E-04C6D64DC89F}.Release|iPhone.ActiveCfg = Release|Any CPU
		{FAC50443-DE50-4C3F-B79E-04C6D64DC89F}.Release|iPhone.Build.0 = Release|Any CPU
		{FAC50443-DE50-4C3F-B79E-04C6D64DC89F}.Release|iPhone.Deploy.0 = Release|Any CPU
		{FAC50443-DE50-4C3F-B79E-04C6D64DC89F}.Release|iPhoneSimulator.ActiveCfg = Release|Any CPU
		{FAC50443-DE50-4C3F-B79E-04C6D64DC89F}.Release|iPhoneSimulator.Build.0 = Release|Any CPU
		{FAC50443-DE50-4C3F-B79E-04C6D64DC89F}.Release|iPhoneSimulator.Deploy.0 = Release|Any CPU
		{0EB26C88-F1B3-4F07-B0BE-682420445D42}.Debug|Any CPU.ActiveCfg = Debug|iPhone
		{0EB26C88-F1B3-4F07-B0BE-682420445D42}.Debug|Any CPU.Build.0 = Debug|iPhone
		{0EB26C88-F1B3-4F07-B0BE-682420445D42}.Debug|Any CPU.Deploy.0 = Debug|iPhone
		{0EB26C88-F1B3-4F07-B0BE-682420445D42}.Debug|iPhone.ActiveCfg = Debug|iPhone
		{0EB26C88-F1B3-4F07-B0BE-682420445D42}.Debug|iPhone.Build.0 = Debug|iPhone
		{0EB26C88-F1B3-4F07-B0BE-682420445D42}.Debug|iPhone.Deploy.0 = Debug|iPhone
		{0EB26C88-F1B3-4F07-B0BE-682420445D42}.Debug|iPhoneSimulator.ActiveCfg = Debug|iPhoneSimulator
		{0EB26C88-F1B3-4F07-B0BE-682420445D42}.Debug|iPhoneSimulator.Build.0 = Debug|iPhoneSimulator
		{0EB26C88-F1B3-4F07-B0BE-682420445D42}.Debug|iPhoneSimulator.Deploy.0 = Debug|iPhoneSimulator
		{0EB26C88-F1B3-4F07-B0BE-682420445D42}.Release|Any CPU.ActiveCfg = Release|iPhoneSimulator
		{0EB26C88-F1B3-4F07-B0BE-682420445D42}.Release|Any CPU.Build.0 = Release|iPhoneSimulator
		{0EB26C88-F1B3-4F07-B0BE-682420445D42}.Release|Any CPU.Deploy.0 = Release|iPhoneSimulator
		{0EB26C88-F1B3-4F07-B0BE-682420445D42}.Release|iPhone.ActiveCfg = Release|iPhone
		{0EB26C88-F1B3-4F07-B0BE-682420445D42}.Release|iPhone.Build.0 = Release|iPhone
		{0EB26C88-F1B3-4F07-B0BE-682420445D42}.Release|iPhone.Deploy.0 = Release|iPhone
		{0EB26C88-F1B3-4F07-B0BE-682420445D42}.Release|iPhoneSimulator.ActiveCfg = Release|iPhoneSimulator
		{0EB26C88-F1B3-4F07-B0BE-682420445D42}.Release|iPhoneSimulator.Build.0 = Release|iPhoneSimulator
		{0EB26C88-F1B3-4F07-B0BE-682420445D42}.Release|iPhoneSimulator.Deploy.0 = Release|iPhoneSimulator
		{BAAA4F45-668A-47E8-8734-2DF86FAC9CE7}.Debug|Any CPU.ActiveCfg = Debug|Any CPU
		{BAAA4F45-668A-47E8-8734-2DF86FAC9CE7}.Debug|Any CPU.Build.0 = Debug|Any CPU
		{BAAA4F45-668A-47E8-8734-2DF86FAC9CE7}.Debug|Any CPU.Deploy.0 = Debug|Any CPU
		{BAAA4F45-668A-47E8-8734-2DF86FAC9CE7}.Debug|iPhone.ActiveCfg = Debug|Any CPU
		{BAAA4F45-668A-47E8-8734-2DF86FAC9CE7}.Debug|iPhone.Build.0 = Debug|Any CPU
		{BAAA4F45-668A-47E8-8734-2DF86FAC9CE7}.Debug|iPhone.Deploy.0 = Debug|Any CPU
		{BAAA4F45-668A-47E8-8734-2DF86FAC9CE7}.Debug|iPhoneSimulator.ActiveCfg = Debug|Any CPU
		{BAAA4F45-668A-47E8-8734-2DF86FAC9CE7}.Debug|iPhoneSimulator.Build.0 = Debug|Any CPU
		{BAAA4F45-668A-47E8-8734-2DF86FAC9CE7}.Debug|iPhoneSimulator.Deploy.0 = Debug|Any CPU
		{BAAA4F45-668A-47E8-8734-2DF86FAC9CE7}.Release|Any CPU.ActiveCfg = Release|Any CPU
		{BAAA4F45-668A-47E8-8734-2DF86FAC9CE7}.Release|Any CPU.Build.0 = Release|Any CPU
		{BAAA4F45-668A-47E8-8734-2DF86FAC9CE7}.Release|Any CPU.Deploy.0 = Release|Any CPU
		{BAAA4F45-668A-47E8-8734-2DF86FAC9CE7}.Release|iPhone.ActiveCfg = Release|Any CPU
		{BAAA4F45-668A-47E8-8734-2DF86FAC9CE7}.Release|iPhone.Build.0 = Release|Any CPU
		{BAAA4F45-668A-47E8-8734-2DF86FAC9CE7}.Release|iPhone.Deploy.0 = Release|Any CPU
		{BAAA4F45-668A-47E8-8734-2DF86FAC9CE7}.Release|iPhoneSimulator.ActiveCfg = Release|Any CPU
		{BAAA4F45-668A-47E8-8734-2DF86FAC9CE7}.Release|iPhoneSimulator.Build.0 = Release|Any CPU
		{BAAA4F45-668A-47E8-8734-2DF86FAC9CE7}.Release|iPhoneSimulator.Deploy.0 = Release|Any CPU
	EndGlobalSection
	GlobalSection(SolutionProperties) = preSolution
		HideSolutionNode = FALSE
	EndGlobalSection
	GlobalSection(ExtensibilityGlobals) = postSolution
		SolutionGuid = {6E82DB89-4154-4789-A2AC-07B632139577}
	EndGlobalSection
EndGlobal
